speakeasyVersion: 1.656.1
sources:
    backend-php:
        sourceNamespace: clerk-openapi
        sourceRevisionDigest: sha256:169c504bc2d18b714b0b25ba6a298e44fcffe410f57f67b79655caa77903ae46
        sourceBlobDigest: sha256:0f35ae2775626b1ee887189f9d4f3007b57a9de47d326a36081317039ceeb348
        tags:
            - latest
    clerk-backend-php:
        sourceNamespace: clerk-openapi
        sourceRevisionDigest: sha256:38c16a932d47d12617f45050c406209cc527f1e669f6f93f697afd34dd65215a
        sourceBlobDigest: sha256:a1fe6e2b6b88ebb94a1ed12cf3aa9acf83572460a5f825e8af217a692289a9f2
        tags:
            - latest
    clerk-openapi:
        sourceNamespace: clerk-openapi
        sourceRevisionDigest: sha256:e5ecd1fab0806e4766fcd026ab92e7b9ff8dbab80801010564915c96c4b14051
        sourceBlobDigest: sha256:1b97fa1539c3f519bacbf8b5e9fa216e720f8d5be878afc7462ac522a7ba4a29
        tags:
            - latest
            - speakeasy-sdk-regen-1763046647
            - "2025-11-10"
targets:
    clerk-php:
        source: clerk-openapi
        sourceNamespace: clerk-openapi
        sourceRevisionDigest: sha256:e5ecd1fab0806e4766fcd026ab92e7b9ff8dbab80801010564915c96c4b14051
        sourceBlobDigest: sha256:1b97fa1539c3f519bacbf8b5e9fa216e720f8d5be878afc7462ac522a7ba4a29
        codeSamplesNamespace: clerk-openapi-php-code-samples
        codeSamplesRevisionDigest: sha256:534feac77dded4bd908749d54c5968acfa7c2600fdbbca23aa855ecb2873d226
    my-first-target:
        source: clerk-backend-php
        sourceNamespace: clerk-openapi
        sourceRevisionDigest: sha256:c169e1d91c0cf96f1b0efcd65d90aa47ab9f42cfcde30514813f38ee86c14a75
        sourceBlobDigest: sha256:70485a857719071de692222b345b03eb8c8d415420074439d45ec731a9dee8aa
workflow:
    workflowVersion: 1.0.0
    speakeasyVersion: latest
    sources:
        clerk-openapi:
            inputs:
                - location: https://raw.githubusercontent.com/clerk/openapi-specs/refs/heads/main/bapi/2025-11-10.yml
            overlays:
                - location: https://raw.githubusercontent.com/clerk/openapi-specs/refs/heads/main/.speakeasy/bapi/fixes.yml
            registry:
                location: registry.speakeasyapi.dev/clerk/clerk/clerk-openapi
    targets:
        clerk-php:
            target: php
            source: clerk-openapi
            output: .
            publish:
                packagist:
                    username: $packagist_username
                    token: $packagist_token
            codeSamples:
                registry:
                    location: registry.speakeasyapi.dev/clerk/clerk/clerk-openapi-php-code-samples
                blocking: false
